
Microsoft Visual Studio Solution File, Format Version 12.00
# Visual Studio Version 17
VisualStudioVersion = 17.9.34607.119
MinimumVisualStudioVersion = 10.0.40219.1
Project("{FAE04EC0-301F-11D3-BF4B-00C04F79EFBC}") = "PR_2.3", "PR_2.3\PR_2.3.csproj", "{395A7E47-3393-41DE-9B81-D8B7562C6EBB}"
EndProject
Global
	GlobalSection(SolutionConfigurationPlatforms) = preSolution
		Debug|Any CPU = Debug|Any CPU
		Release|Any CPU = Release|Any CPU
	EndGlobalSection
	GlobalSection(ProjectConfigurationPlatforms) = postSolution
		{395A7E47-3393-41DE-9B81-D8B7562C6EBB}.Debug|Any CPU.ActiveCfg = Debug|Any CPU
		{395A7E47-3393-41DE-9B81-D8B7562C6EBB}.Debug|Any CPU.Build.0 = Debug|Any CPU
		{395A7E47-3393-41DE-9B81-D8B7562C6EBB}.Release|Any CPU.ActiveCfg = Release|Any CPU
		{395A7E47-3393-41DE-9B81-D8B7562C6EBB}.Release|Any CPU.Build.0 = Release|Any CPU
	EndGlobalSection
	GlobalSection(SolutionProperties) = preSolution
		HideSolutionNode = FALSE
	EndGlobalSection
	GlobalSection(ExtensibilityGlobals) = postSolution
		SolutionGuid = {7174D8E9-2A33-4684-9E7A-DB80DC6B79C1}
	EndGlobalSection
EndGlobal
